
Microsoft Visual Studio Solution File, Format Version 12.00
# Visual Studio Version 16
VisualStudioVersion = 16.0.29709.97
MinimumVisualStudioVersion = 10.0.40219.1
Project("{8BC9CEB8-8B4A-11D0-8D11-00A0C91BC942}") = "GenomeSequenceComparer", "GenomeSequenceComparer\GenomeSequenceComparer.vcxproj", "{D9BF6A91-EE0C-43CF-80AF-77FF3EAEFA69}"
EndProject
Project("{8BC9CEB8-8B4A-11D0-8D11-00A0C91BC942}") = "smith-waterman", "smith-waterman\smith-waterman.vcxproj", "{E67FD073-7163-47EF-8B1C-E6C860E5FD25}"
EndProject
Global
	GlobalSection(SolutionConfigurationPlatforms) = preSolution
		Debug|x64 = Debug|x64
		Debug|x86 = Debug|x86
		Release|x64 = Release|x64
		Release|x86 = Release|x86
	EndGlobalSection
	GlobalSection(ProjectConfigurationPlatforms) = postSolution
		{D9BF6A91-EE0C-43CF-80AF-77FF3EAEFA69}.Debug|x64.ActiveCfg = Debug|x64
		{D9BF6A91-EE0C-43CF-80AF-77FF3EAEFA69}.Debug|x64.Build.0 = Debug|x64
		{D9BF6A91-EE0C-43CF-80AF-77FF3EAEFA69}.Debug|x86.ActiveCfg = Debug|Win32
		{D9BF6A91-EE0C-43CF-80AF-77FF3EAEFA69}.Debug|x86.Build.0 = Debug|Win32
		{D9BF6A91-EE0C-43CF-80AF-77FF3EAEFA69}.Release|x64.ActiveCfg = Release|x64
		{D9BF6A91-EE0C-43CF-80AF-77FF3EAEFA69}.Release|x64.Build.0 = Release|x64
		{D9BF6A91-EE0C-43CF-80AF-77FF3EAEFA69}.Release|x86.ActiveCfg = Release|Win32
		{D9BF6A91-EE0C-43CF-80AF-77FF3EAEFA69}.Release|x86.Build.0 = Release|Win32
		{E67FD073-7163-47EF-8B1C-E6C860E5FD25}.Debug|x64.ActiveCfg = Debug|x64
		{E67FD073-7163-47EF-8B1C-E6C860E5FD25}.Debug|x64.Build.0 = Debug|x64
		{E67FD073-7163-47EF-8B1C-E6C860E5FD25}.Debug|x86.ActiveCfg = Debug|Win32
		{E67FD073-7163-47EF-8B1C-E6C860E5FD25}.Debug|x86.Build.0 = Debug|Win32
		{E67FD073-7163-47EF-8B1C-E6C860E5FD25}.Release|x64.ActiveCfg = Release|x64
		{E67FD073-7163-47EF-8B1C-E6C860E5FD25}.Release|x64.Build.0 = Release|x64
		{E67FD073-7163-47EF-8B1C-E6C860E5FD25}.Release|x86.ActiveCfg = Release|Win32
		{E67FD073-7163-47EF-8B1C-E6C860E5FD25}.Release|x86.Build.0 = Release|Win32
	EndGlobalSection
	GlobalSection(SolutionProperties) = preSolution
		HideSolutionNode = FALSE
	EndGlobalSection
	GlobalSection(ExtensibilityGlobals) = postSolution
		SolutionGuid = {3443BC2D-90C2-4519-8F3A-84B9EC3E8B5F}
	EndGlobalSection
EndGlobal
